
Microsoft Visual Studio Solution File, Format Version 12.00
# Visual Studio 15
VisualStudioVersion = 15.0.27703.2035
MinimumVisualStudioVersion = 10.0.40219.1
Project("{FAE04EC0-301F-11D3-BF4B-00C04F79EFBC}") = "FC_ImageImport_Service", "FC_ImageImport_Service\FC_ImageImport_Service.csproj", "{91A3632D-CAFF-4358-8C7D-7A09C22C95DB}"
EndProject
Global
	GlobalSection(SolutionConfigurationPlatforms) = preSolution
		CD_ROM|Any CPU = CD_ROM|Any CPU
		Debug|Any CPU = Debug|Any CPU
		DVD-5|Any CPU = DVD-5|Any CPU
		Release|Any CPU = Release|Any CPU
		SingleImage|Any CPU = SingleImage|Any CPU
	EndGlobalSection
	GlobalSection(ProjectConfigurationPlatforms) = postSolution
		{91A3632D-CAFF-4358-8C7D-7A09C22C95DB}.CD_ROM|Any CPU.ActiveCfg = Release|Any CPU
		{91A3632D-CAFF-4358-8C7D-7A09C22C95DB}.CD_ROM|Any CPU.Build.0 = Release|Any CPU
		{91A3632D-CAFF-4358-8C7D-7A09C22C95DB}.Debug|Any CPU.ActiveCfg = Debug|Any CPU
		{91A3632D-CAFF-4358-8C7D-7A09C22C95DB}.Debug|Any CPU.Build.0 = Debug|Any CPU
		{91A3632D-CAFF-4358-8C7D-7A09C22C95DB}.DVD-5|Any CPU.ActiveCfg = Debug|Any CPU
		{91A3632D-CAFF-4358-8C7D-7A09C22C95DB}.DVD-5|Any CPU.Build.0 = Debug|Any CPU
		{91A3632D-CAFF-4358-8C7D-7A09C22C95DB}.Release|Any CPU.ActiveCfg = Release|Any CPU
		{91A3632D-CAFF-4358-8C7D-7A09C22C95DB}.Release|Any CPU.Build.0 = Release|Any CPU
		{91A3632D-CAFF-4358-8C7D-7A09C22C95DB}.SingleImage|Any CPU.ActiveCfg = Release|Any CPU
		{91A3632D-CAFF-4358-8C7D-7A09C22C95DB}.SingleImage|Any CPU.Build.0 = Release|Any CPU
	EndGlobalSection
	GlobalSection(SolutionProperties) = preSolution
		HideSolutionNode = FALSE
	EndGlobalSection
	GlobalSection(ExtensibilityGlobals) = postSolution
		SolutionGuid = {99C78800-69B1-4521-ACF2-FD9022C3136F}
	EndGlobalSection
EndGlobal
